
Microsoft Visual Studio Solution File, Format Version 12.00
# Visual Studio 2012
Project("{888888A0-9F3D-457C-B088-3A5042F75D52}") = "BlockChain", "BlockChain\BlockChain.pyproj", "{1D7FC554-06C7-4357-BD84-76E405DED04C}"
EndProject
Global
	GlobalSection(SolutionConfigurationPlatforms) = preSolution
		Debug|Any CPU = Debug|Any CPU
		Release|Any CPU = Release|Any CPU
	EndGlobalSection
	GlobalSection(ProjectConfigurationPlatforms) = postSolution
		{1D7FC554-06C7-4357-BD84-76E405DED04C}.Debug|Any CPU.ActiveCfg = Debug|Any CPU
		{1D7FC554-06C7-4357-BD84-76E405DED04C}.Release|Any CPU.ActiveCfg = Release|Any CPU
	EndGlobalSection
	GlobalSection(SolutionProperties) = preSolution
		HideSolutionNode = FALSE
	EndGlobalSection
EndGlobal
